{
  "name": "es6-app",
  "version": "1.0.0",
  "lockfileVersion": 1,
  "requires": true,
  "dependencies": {
    "material-design-lite": {
      "version": "1.3.0",
      "resolved": "https://registry.npmjs.org/material-design-lite/-/material-design-lite-1.3.0.tgz",
      "integrity": "sha1-0ATOP+6Zoe63Sni4oyUTSl8RcdM="
    },
    "systemjs": {
      "version": "6.1.2",
      "resolved": "https://registry.npmjs.org/systemjs/-/systemjs-6.1.2.tgz",
      "integrity": "sha512-QN0E62xEGCjp4+Wwg5o50CgdlMkQdUkiw5rHKQNJ454iKJCsFmQjPBoCEs1xq8mM/J+eYtLkZS0JCcay/gaEFw=="
    },
    "systemjs-transform-babel": {
      "version": "0.1.2",
      "resolved": "https://registry.npmjs.org/systemjs-transform-babel/-/systemjs-transform-babel-0.1.2.tgz",
      "integrity": "sha512-wl5QOQZFdj0I1lqQu9lWIjcX6WIFzBu7oyj9q8Ug3Qa26rbBb6y9kuMKqjYKu9PoOnyO+d4+Tly8sRsivVWPXQ=="
    }
  }
}
